finished.txt
results/retained/proda.tsv
results/discarded/proda.tsv
best_hit/csp/actin.tsv
best_hit/csp/beta_tubulin2.tsv
best_hit/csp/cav_channels.tsv
best_hit/csp/channel_rhodopsin.tsv
best_hit/csp/cng_channels.tsv
best_hit/csp/cys-loop_channels.tsv
best_hit/csp/glr_channels.tsv
best_hit/csp/ip3r_channels.tsv
best_hit/csp/mscs_channels.tsv
best_hit/csp/photoreceptors.tsv
best_hit/csp/trp_channels.tsv
best_hit/gpe/actin.tsv
best_hit/gpe/beta_tubulin2.tsv
best_hit/gpe/cav_channels.tsv
best_hit/gpe/channel_rhodopsin.tsv
best_hit/gpe/cng_channels.tsv
best_hit/gpe/cys-loop_channels.tsv
best_hit/gpe/glr_channels.tsv
best_hit/gpe/ip3r_channels.tsv
best_hit/gpe/mscs_channels.tsv
best_hit/gpe/photoreceptors.tsv
best_hit/gpe/trp_channels.tsv
best_hit/hpl/actin.tsv
best_hit/hpl/beta_tubulin2.tsv
best_hit/hpl/cav_channels.tsv
best_hit/hpl/channel_rhodopsin.tsv
best_hit/hpl/cng_channels.tsv
best_hit/hpl/cys-loop_channels.tsv
best_hit/hpl/glr_channels.tsv
best_hit/hpl/ip3r_channels.tsv
best_hit/hpl/mscs_channels.tsv
best_hit/hpl/photoreceptors.tsv
best_hit/hpl/trp_channels.tsv
best_hit/egr/actin.tsv
best_hit/egr/beta_tubulin2.tsv
best_hit/egr/cav_channels.tsv
best_hit/egr/channel_rhodopsin.tsv
best_hit/egr/cng_channels.tsv
best_hit/egr/cys-loop_channels.tsv
best_hit/egr/glr_channels.tsv
best_hit/egr/ip3r_channels.tsv
best_hit/egr/mscs_channels.tsv
best_hit/egr/photoreceptors.tsv
best_hit/egr/trp_channels.tsv
best_hit/pmi/actin.tsv
best_hit/pmi/beta_tubulin2.tsv
best_hit/pmi/cav_channels.tsv
best_hit/pmi/channel_rhodopsin.tsv
best_hit/pmi/cng_channels.tsv
best_hit/pmi/cys-loop_channels.tsv
best_hit/pmi/glr_channels.tsv
best_hit/pmi/ip3r_channels.tsv
best_hit/pmi/mscs_channels.tsv
best_hit/pmi/photoreceptors.tsv
best_hit/pmi/trp_channels.tsv
best_hit/ppr/actin.tsv
best_hit/ppr/beta_tubulin2.tsv
best_hit/ppr/cav_channels.tsv
best_hit/ppr/channel_rhodopsin.tsv
best_hit/ppr/cng_channels.tsv
best_hit/ppr/cys-loop_channels.tsv
best_hit/ppr/glr_channels.tsv
best_hit/ppr/ip3r_channels.tsv
best_hit/ppr/mscs_channels.tsv
best_hit/ppr/photoreceptors.tsv
best_hit/ppr/trp_channels.tsv
scores/csp/actin.sim
scores/csp/beta_tubulin2.sim
scores/csp/cav_channels.sim
scores/csp/channel_rhodopsin.sim
scores/csp/cng_channels.sim
scores/csp/cys-loop_channels.sim
scores/csp/glr_channels.sim
scores/csp/ip3r_channels.sim
scores/csp/mscs_channels.sim
scores/csp/photoreceptors.sim
scores/csp/trp_channels.sim
scores/gpe/actin.sim
scores/gpe/beta_tubulin2.sim
scores/gpe/cav_channels.sim
scores/gpe/channel_rhodopsin.sim
scores/gpe/cng_channels.sim
scores/gpe/cys-loop_channels.sim
scores/gpe/glr_channels.sim
scores/gpe/ip3r_channels.sim
scores/gpe/mscs_channels.sim
scores/gpe/photoreceptors.sim
scores/gpe/trp_channels.sim
scores/hpl/actin.sim
scores/hpl/beta_tubulin2.sim
scores/hpl/cav_channels.sim
scores/hpl/channel_rhodopsin.sim
scores/hpl/cng_channels.sim
scores/hpl/cys-loop_channels.sim
scores/hpl/glr_channels.sim
scores/hpl/ip3r_channels.sim
scores/hpl/mscs_channels.sim
scores/hpl/photoreceptors.sim
scores/hpl/trp_channels.sim
scores/egr/actin.sim
scores/egr/beta_tubulin2.sim
scores/egr/cav_channels.sim
scores/egr/channel_rhodopsin.sim
scores/egr/cng_channels.sim
scores/egr/cys-loop_channels.sim
scores/egr/glr_channels.sim
scores/egr/ip3r_channels.sim
scores/egr/mscs_channels.sim
scores/egr/photoreceptors.sim
scores/egr/trp_channels.sim
scores/pmi/actin.sim
scores/pmi/beta_tubulin2.sim
scores/pmi/cav_channels.sim
scores/pmi/channel_rhodopsin.sim
scores/pmi/cng_channels.sim
scores/pmi/cys-loop_channels.sim
scores/pmi/glr_channels.sim
scores/pmi/ip3r_channels.sim
scores/pmi/mscs_channels.sim
scores/pmi/photoreceptors.sim
scores/pmi/trp_channels.sim
scores/ppr/actin.sim
scores/ppr/beta_tubulin2.sim
scores/ppr/cav_channels.sim
scores/ppr/channel_rhodopsin.sim
scores/ppr/cng_channels.sim
scores/ppr/cys-loop_channels.sim
scores/ppr/glr_channels.sim
scores/ppr/ip3r_channels.sim
scores/ppr/mscs_channels.sim
scores/ppr/photoreceptors.sim
scores/ppr/trp_channels.sim
data/queries/actin.faa
cd_hit/csp/actin_merged.faa
data/queries/beta_tubulin2.faa
cd_hit/csp/beta_tubulin2_merged.faa
data/queries/cav_channels.faa
cd_hit/csp/cav_channels_merged.faa
data/queries/channel_rhodopsin.faa
cd_hit/csp/channel_rhodopsin_merged.faa
data/queries/cng_channels.faa
cd_hit/csp/cng_channels_merged.faa
data/queries/cys-loop_channels.faa
cd_hit/csp/cys-loop_channels_merged.faa
data/queries/glr_channels.faa
cd_hit/csp/glr_channels_merged.faa
data/queries/ip3r_channels.faa
cd_hit/csp/ip3r_channels_merged.faa
data/queries/mscs_channels.faa
cd_hit/csp/mscs_channels_merged.faa
data/queries/photoreceptors.faa
cd_hit/csp/photoreceptors_merged.faa
data/queries/trp_channels.faa
cd_hit/csp/trp_channels_merged.faa
data/queries/actin.faa
cd_hit/gpe/actin_merged.faa
data/queries/beta_tubulin2.faa
cd_hit/gpe/beta_tubulin2_merged.faa
data/queries/cav_channels.faa
cd_hit/gpe/cav_channels_merged.faa
data/queries/channel_rhodopsin.faa
cd_hit/gpe/channel_rhodopsin_merged.faa
data/queries/cng_channels.faa
cd_hit/gpe/cng_channels_merged.faa
data/queries/cys-loop_channels.faa
cd_hit/gpe/cys-loop_channels_merged.faa
data/queries/glr_channels.faa
cd_hit/gpe/glr_channels_merged.faa
data/queries/ip3r_channels.faa
cd_hit/gpe/ip3r_channels_merged.faa
data/queries/mscs_channels.faa
cd_hit/gpe/mscs_channels_merged.faa
data/queries/photoreceptors.faa
cd_hit/gpe/photoreceptors_merged.faa
data/queries/trp_channels.faa
cd_hit/gpe/trp_channels_merged.faa
data/queries/actin.faa
cd_hit/hpl/actin_merged.faa
data/queries/beta_tubulin2.faa
cd_hit/hpl/beta_tubulin2_merged.faa
data/queries/cav_channels.faa
cd_hit/hpl/cav_channels_merged.faa
data/queries/channel_rhodopsin.faa
cd_hit/hpl/channel_rhodopsin_merged.faa
data/queries/cng_channels.faa
cd_hit/hpl/cng_channels_merged.faa
data/queries/cys-loop_channels.faa
cd_hit/hpl/cys-loop_channels_merged.faa
data/queries/glr_channels.faa
cd_hit/hpl/glr_channels_merged.faa
data/queries/ip3r_channels.faa
cd_hit/hpl/ip3r_channels_merged.faa
data/queries/mscs_channels.faa
cd_hit/hpl/mscs_channels_merged.faa
data/queries/photoreceptors.faa
cd_hit/hpl/photoreceptors_merged.faa
data/queries/trp_channels.faa
cd_hit/hpl/trp_channels_merged.faa
data/queries/actin.faa
cd_hit/egr/actin_merged.faa
data/queries/beta_tubulin2.faa
cd_hit/egr/beta_tubulin2_merged.faa
data/queries/cav_channels.faa
cd_hit/egr/cav_channels_merged.faa
data/queries/channel_rhodopsin.faa
cd_hit/egr/channel_rhodopsin_merged.faa
data/queries/cng_channels.faa
cd_hit/egr/cng_channels_merged.faa
data/queries/cys-loop_channels.faa
cd_hit/egr/cys-loop_channels_merged.faa
data/queries/glr_channels.faa
cd_hit/egr/glr_channels_merged.faa
data/queries/ip3r_channels.faa
cd_hit/egr/ip3r_channels_merged.faa
data/queries/mscs_channels.faa
cd_hit/egr/mscs_channels_merged.faa
data/queries/photoreceptors.faa
cd_hit/egr/photoreceptors_merged.faa
data/queries/trp_channels.faa
cd_hit/egr/trp_channels_merged.faa
data/queries/actin.faa
cd_hit/pmi/actin_merged.faa
data/queries/beta_tubulin2.faa
cd_hit/pmi/beta_tubulin2_merged.faa
data/queries/cav_channels.faa
cd_hit/pmi/cav_channels_merged.faa
data/queries/channel_rhodopsin.faa
cd_hit/pmi/channel_rhodopsin_merged.faa
data/queries/cng_channels.faa
cd_hit/pmi/cng_channels_merged.faa
data/queries/cys-loop_channels.faa
cd_hit/pmi/cys-loop_channels_merged.faa
data/queries/glr_channels.faa
cd_hit/pmi/glr_channels_merged.faa
data/queries/ip3r_channels.faa
cd_hit/pmi/ip3r_channels_merged.faa
data/queries/mscs_channels.faa
cd_hit/pmi/mscs_channels_merged.faa
data/queries/photoreceptors.faa
cd_hit/pmi/photoreceptors_merged.faa
data/queries/trp_channels.faa
cd_hit/pmi/trp_channels_merged.faa
data/queries/actin.faa
cd_hit/ppr/actin_merged.faa
data/queries/beta_tubulin2.faa
cd_hit/ppr/beta_tubulin2_merged.faa
data/queries/cav_channels.faa
cd_hit/ppr/cav_channels_merged.faa
data/queries/channel_rhodopsin.faa
cd_hit/ppr/channel_rhodopsin_merged.faa
data/queries/cng_channels.faa
cd_hit/ppr/cng_channels_merged.faa
data/queries/cys-loop_channels.faa
cd_hit/ppr/cys-loop_channels_merged.faa
data/queries/glr_channels.faa
cd_hit/ppr/glr_channels_merged.faa
data/queries/ip3r_channels.faa
cd_hit/ppr/ip3r_channels_merged.faa
data/queries/mscs_channels.faa
cd_hit/ppr/mscs_channels_merged.faa
data/queries/photoreceptors.faa
cd_hit/ppr/photoreceptors_merged.faa
data/queries/trp_channels.faa
cd_hit/ppr/trp_channels_merged.faa
exonerate/csp/actin.faa
spaln/csp/actin.faa
exonerate/csp/beta_tubulin2.faa
spaln/csp/beta_tubulin2.faa
exonerate/csp/cav_channels.faa
spaln/csp/cav_channels.faa
exonerate/csp/channel_rhodopsin.faa
spaln/csp/channel_rhodopsin.faa
exonerate/csp/cng_channels.faa
spaln/csp/cng_channels.faa
exonerate/csp/cys-loop_channels.faa
spaln/csp/cys-loop_channels.faa
exonerate/csp/glr_channels.faa
spaln/csp/glr_channels.faa
exonerate/csp/ip3r_channels.faa
spaln/csp/ip3r_channels.faa
exonerate/csp/mscs_channels.faa
spaln/csp/mscs_channels.faa
exonerate/csp/photoreceptors.faa
spaln/csp/photoreceptors.faa
exonerate/csp/trp_channels.faa
spaln/csp/trp_channels.faa
exonerate/gpe/actin.faa
spaln/gpe/actin.faa
exonerate/gpe/beta_tubulin2.faa
spaln/gpe/beta_tubulin2.faa
exonerate/gpe/cav_channels.faa
spaln/gpe/cav_channels.faa
exonerate/gpe/channel_rhodopsin.faa
spaln/gpe/channel_rhodopsin.faa
exonerate/gpe/cng_channels.faa
spaln/gpe/cng_channels.faa
exonerate/gpe/cys-loop_channels.faa
spaln/gpe/cys-loop_channels.faa
exonerate/gpe/glr_channels.faa
spaln/gpe/glr_channels.faa
exonerate/gpe/ip3r_channels.faa
spaln/gpe/ip3r_channels.faa
exonerate/gpe/mscs_channels.faa
spaln/gpe/mscs_channels.faa
exonerate/gpe/photoreceptors.faa
spaln/gpe/photoreceptors.faa
exonerate/gpe/trp_channels.faa
spaln/gpe/trp_channels.faa
exonerate/hpl/actin.faa
spaln/hpl/actin.faa
exonerate/hpl/beta_tubulin2.faa
spaln/hpl/beta_tubulin2.faa
exonerate/hpl/cav_channels.faa
spaln/hpl/cav_channels.faa
exonerate/hpl/channel_rhodopsin.faa
spaln/hpl/channel_rhodopsin.faa
exonerate/hpl/cng_channels.faa
spaln/hpl/cng_channels.faa
exonerate/hpl/cys-loop_channels.faa
spaln/hpl/cys-loop_channels.faa
exonerate/hpl/glr_channels.faa
spaln/hpl/glr_channels.faa
exonerate/hpl/ip3r_channels.faa
spaln/hpl/ip3r_channels.faa
exonerate/hpl/mscs_channels.faa
spaln/hpl/mscs_channels.faa
exonerate/hpl/photoreceptors.faa
spaln/hpl/photoreceptors.faa
exonerate/hpl/trp_channels.faa
spaln/hpl/trp_channels.faa
exonerate/egr/actin.faa
spaln/egr/actin.faa
exonerate/egr/beta_tubulin2.faa
spaln/egr/beta_tubulin2.faa
exonerate/egr/cav_channels.faa
spaln/egr/cav_channels.faa
exonerate/egr/channel_rhodopsin.faa
spaln/egr/channel_rhodopsin.faa
exonerate/egr/cng_channels.faa
spaln/egr/cng_channels.faa
exonerate/egr/cys-loop_channels.faa
spaln/egr/cys-loop_channels.faa
exonerate/egr/glr_channels.faa
spaln/egr/glr_channels.faa
exonerate/egr/ip3r_channels.faa
spaln/egr/ip3r_channels.faa
exonerate/egr/mscs_channels.faa
spaln/egr/mscs_channels.faa
exonerate/egr/photoreceptors.faa
spaln/egr/photoreceptors.faa
exonerate/egr/trp_channels.faa
spaln/egr/trp_channels.faa
exonerate/pmi/actin.faa
spaln/pmi/actin.faa
exonerate/pmi/beta_tubulin2.faa
spaln/pmi/beta_tubulin2.faa
exonerate/pmi/cav_channels.faa
spaln/pmi/cav_channels.faa
exonerate/pmi/channel_rhodopsin.faa
spaln/pmi/channel_rhodopsin.faa
exonerate/pmi/cng_channels.faa
spaln/pmi/cng_channels.faa
exonerate/pmi/cys-loop_channels.faa
spaln/pmi/cys-loop_channels.faa
exonerate/pmi/glr_channels.faa
spaln/pmi/glr_channels.faa
exonerate/pmi/ip3r_channels.faa
spaln/pmi/ip3r_channels.faa
exonerate/pmi/mscs_channels.faa
spaln/pmi/mscs_channels.faa
exonerate/pmi/photoreceptors.faa
spaln/pmi/photoreceptors.faa
exonerate/pmi/trp_channels.faa
spaln/pmi/trp_channels.faa
exonerate/ppr/actin.faa
spaln/ppr/actin.faa
exonerate/ppr/beta_tubulin2.faa
spaln/ppr/beta_tubulin2.faa
exonerate/ppr/cav_channels.faa
spaln/ppr/cav_channels.faa
exonerate/ppr/channel_rhodopsin.faa
spaln/ppr/channel_rhodopsin.faa
exonerate/ppr/cng_channels.faa
spaln/ppr/cng_channels.faa
exonerate/ppr/cys-loop_channels.faa
spaln/ppr/cys-loop_channels.faa
exonerate/ppr/glr_channels.faa
spaln/ppr/glr_channels.faa
exonerate/ppr/ip3r_channels.faa
spaln/ppr/ip3r_channels.faa
exonerate/ppr/mscs_channels.faa
spaln/ppr/mscs_channels.faa
exonerate/ppr/photoreceptors.faa
spaln/ppr/photoreceptors.faa
exonerate/ppr/trp_channels.faa
spaln/ppr/trp_channels.faa
data/queries/actin.faa
matches/csp/actin.fna
data/queries/actin.faa
matches/csp/actin.fna
data/queries/beta_tubulin2.faa
matches/csp/beta_tubulin2.fna
data/queries/beta_tubulin2.faa
matches/csp/beta_tubulin2.fna
data/queries/cav_channels.faa
matches/csp/cav_channels.fna
data/queries/cav_channels.faa
matches/csp/cav_channels.fna
data/queries/channel_rhodopsin.faa
matches/csp/channel_rhodopsin.fna
data/queries/channel_rhodopsin.faa
matches/csp/channel_rhodopsin.fna
data/queries/cng_channels.faa
matches/csp/cng_channels.fna
data/queries/cng_channels.faa
matches/csp/cng_channels.fna
data/queries/cys-loop_channels.faa
matches/csp/cys-loop_channels.fna
data/queries/cys-loop_channels.faa
matches/csp/cys-loop_channels.fna
data/queries/glr_channels.faa
matches/csp/glr_channels.fna
data/queries/glr_channels.faa
matches/csp/glr_channels.fna
data/queries/ip3r_channels.faa
matches/csp/ip3r_channels.fna
data/queries/ip3r_channels.faa
matches/csp/ip3r_channels.fna
data/queries/mscs_channels.faa
matches/csp/mscs_channels.fna
data/queries/mscs_channels.faa
matches/csp/mscs_channels.fna
data/queries/photoreceptors.faa
matches/csp/photoreceptors.fna
data/queries/photoreceptors.faa
matches/csp/photoreceptors.fna
data/queries/trp_channels.faa
matches/csp/trp_channels.fna
data/queries/trp_channels.faa
matches/csp/trp_channels.fna
data/queries/actin.faa
matches/gpe/actin.fna
data/queries/actin.faa
matches/gpe/actin.fna
data/queries/beta_tubulin2.faa
matches/gpe/beta_tubulin2.fna
data/queries/beta_tubulin2.faa
matches/gpe/beta_tubulin2.fna
data/queries/cav_channels.faa
matches/gpe/cav_channels.fna
data/queries/cav_channels.faa
matches/gpe/cav_channels.fna
data/queries/channel_rhodopsin.faa
matches/gpe/channel_rhodopsin.fna
data/queries/channel_rhodopsin.faa
matches/gpe/channel_rhodopsin.fna
data/queries/cng_channels.faa
matches/gpe/cng_channels.fna
data/queries/cng_channels.faa
matches/gpe/cng_channels.fna
data/queries/cys-loop_channels.faa
matches/gpe/cys-loop_channels.fna
data/queries/cys-loop_channels.faa
matches/gpe/cys-loop_channels.fna
data/queries/glr_channels.faa
matches/gpe/glr_channels.fna
data/queries/glr_channels.faa
matches/gpe/glr_channels.fna
data/queries/ip3r_channels.faa
matches/gpe/ip3r_channels.fna
data/queries/ip3r_channels.faa
matches/gpe/ip3r_channels.fna
data/queries/mscs_channels.faa
matches/gpe/mscs_channels.fna
data/queries/mscs_channels.faa
matches/gpe/mscs_channels.fna
data/queries/photoreceptors.faa
matches/gpe/photoreceptors.fna
data/queries/photoreceptors.faa
matches/gpe/photoreceptors.fna
data/queries/trp_channels.faa
matches/gpe/trp_channels.fna
data/queries/trp_channels.faa
matches/gpe/trp_channels.fna
data/queries/actin.faa
matches/hpl/actin.fna
data/queries/actin.faa
matches/hpl/actin.fna
data/queries/beta_tubulin2.faa
matches/hpl/beta_tubulin2.fna
data/queries/beta_tubulin2.faa
matches/hpl/beta_tubulin2.fna
data/queries/cav_channels.faa
matches/hpl/cav_channels.fna
data/queries/cav_channels.faa
matches/hpl/cav_channels.fna
data/queries/channel_rhodopsin.faa
matches/hpl/channel_rhodopsin.fna
data/queries/channel_rhodopsin.faa
matches/hpl/channel_rhodopsin.fna
data/queries/cng_channels.faa
matches/hpl/cng_channels.fna
data/queries/cng_channels.faa
matches/hpl/cng_channels.fna
data/queries/cys-loop_channels.faa
matches/hpl/cys-loop_channels.fna
data/queries/cys-loop_channels.faa
matches/hpl/cys-loop_channels.fna
data/queries/glr_channels.faa
matches/hpl/glr_channels.fna
data/queries/glr_channels.faa
matches/hpl/glr_channels.fna
data/queries/ip3r_channels.faa
matches/hpl/ip3r_channels.fna
data/queries/ip3r_channels.faa
matches/hpl/ip3r_channels.fna
data/queries/mscs_channels.faa
matches/hpl/mscs_channels.fna
data/queries/mscs_channels.faa
matches/hpl/mscs_channels.fna
data/queries/photoreceptors.faa
matches/hpl/photoreceptors.fna
data/queries/photoreceptors.faa
matches/hpl/photoreceptors.fna
data/queries/trp_channels.faa
matches/hpl/trp_channels.fna
data/queries/trp_channels.faa
matches/hpl/trp_channels.fna
data/queries/actin.faa
matches/egr/actin.fna
data/queries/actin.faa
matches/egr/actin.fna
data/queries/beta_tubulin2.faa
matches/egr/beta_tubulin2.fna
data/queries/beta_tubulin2.faa
matches/egr/beta_tubulin2.fna
data/queries/cav_channels.faa
matches/egr/cav_channels.fna
data/queries/cav_channels.faa
matches/egr/cav_channels.fna
data/queries/channel_rhodopsin.faa
matches/egr/channel_rhodopsin.fna
data/queries/channel_rhodopsin.faa
matches/egr/channel_rhodopsin.fna
data/queries/cng_channels.faa
matches/egr/cng_channels.fna
data/queries/cng_channels.faa
matches/egr/cng_channels.fna
data/queries/cys-loop_channels.faa
matches/egr/cys-loop_channels.fna
data/queries/cys-loop_channels.faa
matches/egr/cys-loop_channels.fna
data/queries/glr_channels.faa
matches/egr/glr_channels.fna
data/queries/glr_channels.faa
matches/egr/glr_channels.fna
data/queries/ip3r_channels.faa
matches/egr/ip3r_channels.fna
data/queries/ip3r_channels.faa
matches/egr/ip3r_channels.fna
data/queries/mscs_channels.faa
matches/egr/mscs_channels.fna
data/queries/mscs_channels.faa
matches/egr/mscs_channels.fna
data/queries/photoreceptors.faa
matches/egr/photoreceptors.fna
data/queries/photoreceptors.faa
matches/egr/photoreceptors.fna
data/queries/trp_channels.faa
matches/egr/trp_channels.fna
data/queries/trp_channels.faa
matches/egr/trp_channels.fna
data/queries/actin.faa
matches/pmi/actin.fna
data/queries/actin.faa
matches/pmi/actin.fna
data/queries/beta_tubulin2.faa
matches/pmi/beta_tubulin2.fna
data/queries/beta_tubulin2.faa
matches/pmi/beta_tubulin2.fna
data/queries/cav_channels.faa
matches/pmi/cav_channels.fna
data/queries/cav_channels.faa
matches/pmi/cav_channels.fna
data/queries/channel_rhodopsin.faa
matches/pmi/channel_rhodopsin.fna
data/queries/channel_rhodopsin.faa
matches/pmi/channel_rhodopsin.fna
data/queries/cng_channels.faa
matches/pmi/cng_channels.fna
data/queries/cng_channels.faa
matches/pmi/cng_channels.fna
data/queries/cys-loop_channels.faa
matches/pmi/cys-loop_channels.fna
data/queries/cys-loop_channels.faa
matches/pmi/cys-loop_channels.fna
data/queries/glr_channels.faa
matches/pmi/glr_channels.fna
data/queries/glr_channels.faa
matches/pmi/glr_channels.fna
data/queries/ip3r_channels.faa
matches/pmi/ip3r_channels.fna
data/queries/ip3r_channels.faa
matches/pmi/ip3r_channels.fna
data/queries/mscs_channels.faa
matches/pmi/mscs_channels.fna
data/queries/mscs_channels.faa
matches/pmi/mscs_channels.fna
data/queries/photoreceptors.faa
matches/pmi/photoreceptors.fna
data/queries/photoreceptors.faa
matches/pmi/photoreceptors.fna
data/queries/trp_channels.faa
matches/pmi/trp_channels.fna
data/queries/trp_channels.faa
matches/pmi/trp_channels.fna
data/queries/actin.faa
matches/ppr/actin.fna
data/queries/actin.faa
matches/ppr/actin.fna
data/queries/beta_tubulin2.faa
matches/ppr/beta_tubulin2.fna
data/queries/beta_tubulin2.faa
matches/ppr/beta_tubulin2.fna
data/queries/cav_channels.faa
matches/ppr/cav_channels.fna
data/queries/cav_channels.faa
matches/ppr/cav_channels.fna
data/queries/channel_rhodopsin.faa
matches/ppr/channel_rhodopsin.fna
data/queries/channel_rhodopsin.faa
matches/ppr/channel_rhodopsin.fna
data/queries/cng_channels.faa
matches/ppr/cng_channels.fna
data/queries/cng_channels.faa
matches/ppr/cng_channels.fna
data/queries/cys-loop_channels.faa
matches/ppr/cys-loop_channels.fna
data/queries/cys-loop_channels.faa
matches/ppr/cys-loop_channels.fna
data/queries/glr_channels.faa
matches/ppr/glr_channels.fna
data/queries/glr_channels.faa
matches/ppr/glr_channels.fna
data/queries/ip3r_channels.faa
matches/ppr/ip3r_channels.fna
data/queries/ip3r_channels.faa
matches/ppr/ip3r_channels.fna
data/queries/mscs_channels.faa
matches/ppr/mscs_channels.fna
data/queries/mscs_channels.faa
matches/ppr/mscs_channels.fna
data/queries/photoreceptors.faa
matches/ppr/photoreceptors.fna
data/queries/photoreceptors.faa
matches/ppr/photoreceptors.fna
data/queries/trp_channels.faa
matches/ppr/trp_channels.fna
data/queries/trp_channels.faa
matches/ppr/trp_channels.fna
data/subjects/csp.fna
blast_results/csp/actin.hit
data/subjects/csp.fna
blast_results/csp/beta_tubulin2.hit
data/subjects/csp.fna
blast_results/csp/cav_channels.hit
data/subjects/csp.fna
blast_results/csp/channel_rhodopsin.hit
data/subjects/csp.fna
blast_results/csp/cng_channels.hit
data/subjects/csp.fna
blast_results/csp/cys-loop_channels.hit
data/subjects/csp.fna
blast_results/csp/glr_channels.hit
data/subjects/csp.fna
blast_results/csp/ip3r_channels.hit
data/subjects/csp.fna
blast_results/csp/mscs_channels.hit
data/subjects/csp.fna
blast_results/csp/photoreceptors.hit
data/subjects/csp.fna
blast_results/csp/trp_channels.hit
data/subjects/gpe.fna
blast_results/gpe/actin.hit
data/subjects/gpe.fna
blast_results/gpe/beta_tubulin2.hit
data/subjects/gpe.fna
blast_results/gpe/cav_channels.hit
data/subjects/gpe.fna
blast_results/gpe/channel_rhodopsin.hit
data/subjects/gpe.fna
blast_results/gpe/cng_channels.hit
data/subjects/gpe.fna
blast_results/gpe/cys-loop_channels.hit
data/subjects/gpe.fna
blast_results/gpe/glr_channels.hit
data/subjects/gpe.fna
blast_results/gpe/ip3r_channels.hit
data/subjects/gpe.fna
blast_results/gpe/mscs_channels.hit
data/subjects/gpe.fna
blast_results/gpe/photoreceptors.hit
data/subjects/gpe.fna
blast_results/gpe/trp_channels.hit
data/subjects/hpl.fna
blast_results/hpl/actin.hit
data/subjects/hpl.fna
blast_results/hpl/beta_tubulin2.hit
data/subjects/hpl.fna
blast_results/hpl/cav_channels.hit
data/subjects/hpl.fna
blast_results/hpl/channel_rhodopsin.hit
data/subjects/hpl.fna
blast_results/hpl/cng_channels.hit
data/subjects/hpl.fna
blast_results/hpl/cys-loop_channels.hit
data/subjects/hpl.fna
blast_results/hpl/glr_channels.hit
data/subjects/hpl.fna
blast_results/hpl/ip3r_channels.hit
data/subjects/hpl.fna
blast_results/hpl/mscs_channels.hit
data/subjects/hpl.fna
blast_results/hpl/photoreceptors.hit
data/subjects/hpl.fna
blast_results/hpl/trp_channels.hit
data/subjects/egr.fna
blast_results/egr/actin.hit
data/subjects/egr.fna
blast_results/egr/beta_tubulin2.hit
data/subjects/egr.fna
blast_results/egr/cav_channels.hit
data/subjects/egr.fna
blast_results/egr/channel_rhodopsin.hit
data/subjects/egr.fna
blast_results/egr/cng_channels.hit
data/subjects/egr.fna
blast_results/egr/cys-loop_channels.hit
data/subjects/egr.fna
blast_results/egr/glr_channels.hit
data/subjects/egr.fna
blast_results/egr/ip3r_channels.hit
data/subjects/egr.fna
blast_results/egr/mscs_channels.hit
data/subjects/egr.fna
blast_results/egr/photoreceptors.hit
data/subjects/egr.fna
blast_results/egr/trp_channels.hit
data/subjects/pmi.fna
blast_results/pmi/actin.hit
data/subjects/pmi.fna
blast_results/pmi/beta_tubulin2.hit
data/subjects/pmi.fna
blast_results/pmi/cav_channels.hit
data/subjects/pmi.fna
blast_results/pmi/channel_rhodopsin.hit
data/subjects/pmi.fna
blast_results/pmi/cng_channels.hit
data/subjects/pmi.fna
blast_results/pmi/cys-loop_channels.hit
data/subjects/pmi.fna
blast_results/pmi/glr_channels.hit
data/subjects/pmi.fna
blast_results/pmi/ip3r_channels.hit
data/subjects/pmi.fna
blast_results/pmi/mscs_channels.hit
data/subjects/pmi.fna
blast_results/pmi/photoreceptors.hit
data/subjects/pmi.fna
blast_results/pmi/trp_channels.hit
data/subjects/ppr.fna
blast_results/ppr/actin.hit
data/subjects/ppr.fna
blast_results/ppr/beta_tubulin2.hit
data/subjects/ppr.fna
blast_results/ppr/cav_channels.hit
data/subjects/ppr.fna
blast_results/ppr/channel_rhodopsin.hit
data/subjects/ppr.fna
blast_results/ppr/cng_channels.hit
data/subjects/ppr.fna
blast_results/ppr/cys-loop_channels.hit
data/subjects/ppr.fna
blast_results/ppr/glr_channels.hit
data/subjects/ppr.fna
blast_results/ppr/ip3r_channels.hit
data/subjects/ppr.fna
blast_results/ppr/mscs_channels.hit
data/subjects/ppr.fna
blast_results/ppr/photoreceptors.hit
data/subjects/ppr.fna
blast_results/ppr/trp_channels.hit
blast_dbs/csp/temp.db
data/queries/actin.faa
blast_dbs/csp/temp.db
data/queries/beta_tubulin2.faa
blast_dbs/csp/temp.db
data/queries/cav_channels.faa
blast_dbs/csp/temp.db
data/queries/channel_rhodopsin.faa
blast_dbs/csp/temp.db
data/queries/cng_channels.faa
blast_dbs/csp/temp.db
data/queries/cys-loop_channels.faa
blast_dbs/csp/temp.db
data/queries/glr_channels.faa
blast_dbs/csp/temp.db
data/queries/ip3r_channels.faa
blast_dbs/csp/temp.db
data/queries/mscs_channels.faa
blast_dbs/csp/temp.db
data/queries/photoreceptors.faa
blast_dbs/csp/temp.db
data/queries/trp_channels.faa
blast_dbs/gpe/temp.db
data/queries/actin.faa
blast_dbs/gpe/temp.db
data/queries/beta_tubulin2.faa
blast_dbs/gpe/temp.db
data/queries/cav_channels.faa
blast_dbs/gpe/temp.db
data/queries/channel_rhodopsin.faa
blast_dbs/gpe/temp.db
data/queries/cng_channels.faa
blast_dbs/gpe/temp.db
data/queries/cys-loop_channels.faa
blast_dbs/gpe/temp.db
data/queries/glr_channels.faa
blast_dbs/gpe/temp.db
data/queries/ip3r_channels.faa
blast_dbs/gpe/temp.db
data/queries/mscs_channels.faa
blast_dbs/gpe/temp.db
data/queries/photoreceptors.faa
blast_dbs/gpe/temp.db
data/queries/trp_channels.faa
blast_dbs/hpl/temp.db
data/queries/actin.faa
blast_dbs/hpl/temp.db
data/queries/beta_tubulin2.faa
blast_dbs/hpl/temp.db
data/queries/cav_channels.faa
blast_dbs/hpl/temp.db
data/queries/channel_rhodopsin.faa
blast_dbs/hpl/temp.db
data/queries/cng_channels.faa
blast_dbs/hpl/temp.db
data/queries/cys-loop_channels.faa
blast_dbs/hpl/temp.db
data/queries/glr_channels.faa
blast_dbs/hpl/temp.db
data/queries/ip3r_channels.faa
blast_dbs/hpl/temp.db
data/queries/mscs_channels.faa
blast_dbs/hpl/temp.db
data/queries/photoreceptors.faa
blast_dbs/hpl/temp.db
data/queries/trp_channels.faa
blast_dbs/egr/temp.db
data/queries/actin.faa
blast_dbs/egr/temp.db
data/queries/beta_tubulin2.faa
blast_dbs/egr/temp.db
data/queries/cav_channels.faa
blast_dbs/egr/temp.db
data/queries/channel_rhodopsin.faa
blast_dbs/egr/temp.db
data/queries/cng_channels.faa
blast_dbs/egr/temp.db
data/queries/cys-loop_channels.faa
blast_dbs/egr/temp.db
data/queries/glr_channels.faa
blast_dbs/egr/temp.db
data/queries/ip3r_channels.faa
blast_dbs/egr/temp.db
data/queries/mscs_channels.faa
blast_dbs/egr/temp.db
data/queries/photoreceptors.faa
blast_dbs/egr/temp.db
data/queries/trp_channels.faa
blast_dbs/pmi/temp.db
data/queries/actin.faa
blast_dbs/pmi/temp.db
data/queries/beta_tubulin2.faa
blast_dbs/pmi/temp.db
data/queries/cav_channels.faa
blast_dbs/pmi/temp.db
data/queries/channel_rhodopsin.faa
blast_dbs/pmi/temp.db
data/queries/cng_channels.faa
blast_dbs/pmi/temp.db
data/queries/cys-loop_channels.faa
blast_dbs/pmi/temp.db
data/queries/glr_channels.faa
blast_dbs/pmi/temp.db
data/queries/ip3r_channels.faa
blast_dbs/pmi/temp.db
data/queries/mscs_channels.faa
blast_dbs/pmi/temp.db
data/queries/photoreceptors.faa
blast_dbs/pmi/temp.db
data/queries/trp_channels.faa
blast_dbs/ppr/temp.db
data/queries/actin.faa
blast_dbs/ppr/temp.db
data/queries/beta_tubulin2.faa
blast_dbs/ppr/temp.db
data/queries/cav_channels.faa
blast_dbs/ppr/temp.db
data/queries/channel_rhodopsin.faa
blast_dbs/ppr/temp.db
data/queries/cng_channels.faa
blast_dbs/ppr/temp.db
data/queries/cys-loop_channels.faa
blast_dbs/ppr/temp.db
data/queries/glr_channels.faa
blast_dbs/ppr/temp.db
data/queries/ip3r_channels.faa
blast_dbs/ppr/temp.db
data/queries/mscs_channels.faa
blast_dbs/ppr/temp.db
data/queries/photoreceptors.faa
blast_dbs/ppr/temp.db
data/queries/trp_channels.faa
data/subjects/csp.fna
data/subjects/gpe.fna
data/subjects/hpl.fna
data/subjects/egr.fna
data/subjects/pmi.fna
data/subjects/ppr.fna
